
Microsoft Visual Studio Solution File, Format Version 12.00
# Visual Studio 15
VisualStudioVersion = 15.0.27703.2042
MinimumVisualStudioVersion = 10.0.40219.1
Project("{FAE04EC0-301F-11D3-BF4B-00C04F79EFBC}") = "AirportPanel.WebApplication", "AirportPanel.WebApplication\AirportPanel.WebApplication.csproj", "{031BD288-D85B-47D2-9C20-D96CFE93B92B}"
EndProject
Project("{E53339B2-1760-4266-BCC7-CA923CBCF16C}") = "docker-compose", "docker-compose.dcproj", "{CA3DDD13-83DC-423B-A36C-D41D1AFD3437}"
EndProject
Global
	GlobalSection(SolutionConfigurationPlatforms) = preSolution
		Debug|Any CPU = Debug|Any CPU
		Release|Any CPU = Release|Any CPU
	EndGlobalSection
	GlobalSection(ProjectConfigurationPlatforms) = postSolution
		{031BD288-D85B-47D2-9C20-D96CFE93B92B}.Debug|Any CPU.ActiveCfg = Debug|Any CPU
		{031BD288-D85B-47D2-9C20-D96CFE93B92B}.Debug|Any CPU.Build.0 = Debug|Any CPU
		{031BD288-D85B-47D2-9C20-D96CFE93B92B}.Release|Any CPU.ActiveCfg = Release|Any CPU
		{031BD288-D85B-47D2-9C20-D96CFE93B92B}.Release|Any CPU.Build.0 = Release|Any CPU
		{CA3DDD13-83DC-423B-A36C-D41D1AFD3437}.Debug|Any CPU.ActiveCfg = Debug|Any CPU
		{CA3DDD13-83DC-423B-A36C-D41D1AFD3437}.Debug|Any CPU.Build.0 = Debug|Any CPU
		{CA3DDD13-83DC-423B-A36C-D41D1AFD3437}.Release|Any CPU.ActiveCfg = Release|Any CPU
		{CA3DDD13-83DC-423B-A36C-D41D1AFD3437}.Release|Any CPU.Build.0 = Release|Any CPU
	EndGlobalSection
	GlobalSection(SolutionProperties) = preSolution
		HideSolutionNode = FALSE
	EndGlobalSection
	GlobalSection(ExtensibilityGlobals) = postSolution
		SolutionGuid = {B69AEAD6-43D3-4578-947C-D4411DB4B7BE}
	EndGlobalSection
EndGlobal
